
Microsoft Visual Studio Solution File, Format Version 12.00
# Visual Studio 15
VisualStudioVersion = 15.0.28307.757
MinimumVisualStudioVersion = 10.0.40219.1
Project("{FAE04EC0-301F-11D3-BF4B-00C04F79EFBC}") = "UI", "Sistema Apolices\UI.csproj", "{2405425D-61C8-4206-93D6-3321C779AADE}"
EndProject
Project("{FAE04EC0-301F-11D3-BF4B-00C04F79EFBC}") = "Entities", "Entities\Entities.csproj", "{C3D2DD48-CC77-4B39-9306-93B698E61C16}"
EndProject
Project("{FAE04EC0-301F-11D3-BF4B-00C04F79EFBC}") = "Services", "Services\Services.csproj", "{7BBDBA6E-F4E5-4494-BAFE-A7160C0159E0}"
EndProject
Project("{FAE04EC0-301F-11D3-BF4B-00C04F79EFBC}") = "Controllers", "Controllers\Controllers.csproj", "{668B99BE-8CF3-45E5-915F-7B32953E46F6}"
EndProject
Project("{FAE04EC0-301F-11D3-BF4B-00C04F79EFBC}") = "Utils", "Utils\Utils.csproj", "{E3535920-F9A9-476A-B933-29EA34A04C84}"
EndProject
Global
	GlobalSection(SolutionConfigurationPlatforms) = preSolution
		Debug|Any CPU = Debug|Any CPU
		Release|Any CPU = Release|Any CPU
	EndGlobalSection
	GlobalSection(ProjectConfigurationPlatforms) = postSolution
		{2405425D-61C8-4206-93D6-3321C779AADE}.Debug|Any CPU.ActiveCfg = Debug|Any CPU
		{2405425D-61C8-4206-93D6-3321C779AADE}.Debug|Any CPU.Build.0 = Debug|Any CPU
		{2405425D-61C8-4206-93D6-3321C779AADE}.Release|Any CPU.ActiveCfg = Release|Any CPU
		{2405425D-61C8-4206-93D6-3321C779AADE}.Release|Any CPU.Build.0 = Release|Any CPU
		{C3D2DD48-CC77-4B39-9306-93B698E61C16}.Debug|Any CPU.ActiveCfg = Debug|Any CPU
		{C3D2DD48-CC77-4B39-9306-93B698E61C16}.Debug|Any CPU.Build.0 = Debug|Any CPU
		{C3D2DD48-CC77-4B39-9306-93B698E61C16}.Release|Any CPU.ActiveCfg = Release|Any CPU
		{C3D2DD48-CC77-4B39-9306-93B698E61C16}.Release|Any CPU.Build.0 = Release|Any CPU
		{7BBDBA6E-F4E5-4494-BAFE-A7160C0159E0}.Debug|Any CPU.ActiveCfg = Debug|Any CPU
		{7BBDBA6E-F4E5-4494-BAFE-A7160C0159E0}.Debug|Any CPU.Build.0 = Debug|Any CPU
		{7BBDBA6E-F4E5-4494-BAFE-A7160C0159E0}.Release|Any CPU.ActiveCfg = Release|Any CPU
		{7BBDBA6E-F4E5-4494-BAFE-A7160C0159E0}.Release|Any CPU.Build.0 = Release|Any CPU
		{668B99BE-8CF3-45E5-915F-7B32953E46F6}.Debug|Any CPU.ActiveCfg = Debug|Any CPU
		{668B99BE-8CF3-45E5-915F-7B32953E46F6}.Debug|Any CPU.Build.0 = Debug|Any CPU
		{668B99BE-8CF3-45E5-915F-7B32953E46F6}.Release|Any CPU.ActiveCfg = Release|Any CPU
		{668B99BE-8CF3-45E5-915F-7B32953E46F6}.Release|Any CPU.Build.0 = Release|Any CPU
		{E3535920-F9A9-476A-B933-29EA34A04C84}.Debug|Any CPU.ActiveCfg = Debug|Any CPU
		{E3535920-F9A9-476A-B933-29EA34A04C84}.Debug|Any CPU.Build.0 = Debug|Any CPU
		{E3535920-F9A9-476A-B933-29EA34A04C84}.Release|Any CPU.ActiveCfg = Release|Any CPU
		{E3535920-F9A9-476A-B933-29EA34A04C84}.Release|Any CPU.Build.0 = Release|Any CPU
	EndGlobalSection
	GlobalSection(SolutionProperties) = preSolution
		HideSolutionNode = FALSE
	EndGlobalSection
	GlobalSection(ExtensibilityGlobals) = postSolution
		SolutionGuid = {350E3AB7-518C-43A8-8492-79FFDC89BD23}
	EndGlobalSection
EndGlobal
